
Microsoft Visual Studio Solution File, Format Version 12.00
# Visual Studio Version 17
VisualStudioVersion = 17.5.002.0
MinimumVisualStudioVersion = 10.0.40219.1
Project("{9A19103F-16F7-4668-BE54-9A1E7A4F7556}") = "corewebreact", "core_web_react\corewebreact.csproj", "{BCBFB7F8-C1B7-404F-AA87-F83C763D3EB9}"
EndProject
Global
	GlobalSection(SolutionConfigurationPlatforms) = preSolution
		Debug|Any CPU = Debug|Any CPU
		Release|Any CPU = Release|Any CPU
	EndGlobalSection
	GlobalSection(ProjectConfigurationPlatforms) = postSolution
		{BCBFB7F8-C1B7-404F-AA87-F83C763D3EB9}.Debug|Any CPU.ActiveCfg = Debug|Any CPU
		{BCBFB7F8-C1B7-404F-AA87-F83C763D3EB9}.Debug|Any CPU.Build.0 = Debug|Any CPU
		{BCBFB7F8-C1B7-404F-AA87-F83C763D3EB9}.Release|Any CPU.ActiveCfg = Release|Any CPU
		{BCBFB7F8-C1B7-404F-AA87-F83C763D3EB9}.Release|Any CPU.Build.0 = Release|Any CPU
	EndGlobalSection
	GlobalSection(SolutionProperties) = preSolution
		HideSolutionNode = FALSE
	EndGlobalSection
	GlobalSection(ExtensibilityGlobals) = postSolution
		SolutionGuid = {3E7E633F-8012-442D-8C51-8C10CE1F60E6}
	EndGlobalSection
EndGlobal
